github.com/anisse/alsa v0.0.0-20190130210209-592d9b53603e h1:o1IEebRSxT85W8oR8CrHGpCUNKFR/EqaZEiBHrH/EcY=
github.com/anisse/alsa v0.0.0-20190130210209-592d9b53603e/go.mod h1:/kjT5Fn1GSvpaNUuDKjRU/+/xPtiSojj5eu5k+6vU7Y=
github.com/hajimehoshi/go-mp3 v0.3.4 h1:NUP7pBYH8OguP4diaTZ9wJbUbk3tC0KlfzsEpWmYj68=
github.com/hajimehoshi/go-mp3 v0.3.4/go.mod h1:fRtZraRFcWb0pu7ok0LqyFhCUrPeMsGRSVop0eemFmo=
github.com/hajimehoshi/oto/v2 v2.3.1/go.mod h1:seWLbgHH7AyUMYKfKYT9pg7PhUu9/SisyJvNTT+ASQo=
github.com/yobert/alsa v0.0.0-20230126204319-85bb7ee02e5b h1:NPudjRQh/wQj0pXiT7uoQlvm1M4VsbMXe4kY+oalV40=
github.com/yobert/alsa v0.0.0-20230126204319-85bb7ee02e5b/go.mod h1:CaowXBWOiSGWEpBBV8LoVnQTVPV4ycyviC9IBLj8dRw=
golang.org/x/sys v0.0.0-20220712014510-0a85c31ab51e/go.mod h1:oPkhp1MJrh7nUepCBck5+mAzfO9JrbApNNgaTdGDITg=
